// !$*UTF8*$!
{
	archiveVersion = 1;
	classes = {
	};
	objectVersion = 46;
	objects = {

/* Begin PBXBuildFile section */
		3FFE8EED1BB65B7B00AD2CFC /* AppDelegate.swift in Sources */ = {isa = PBXBuildFile; fileRef = 3FFE8EEC1BB65B7B00AD2CFC /* AppDelegate.swift */; };
		3FFE8EEF1BB65B7B00AD2CFC /* ViewController.swift in Sources */ = {isa = PBXBuildFile; fileRef = 3FFE8EEE1BB65B7B00AD2CFC /* ViewController.swift */; };
		3FFE8EF21BB65B7B00AD2CFC /* Main.storyboard in Resources */ = {isa = PBXBuildFile; fileRef = 3FFE8EF01BB65B7B00AD2CFC /* Main.storyboard */; };
		3FFE8EF41BB65B7B00AD2CFC /* Assets.xcassets in Resources */ = {isa = PBXBuildFile; fileRef = 3FFE8EF31BB65B7B00AD2CFC /* Assets.xcassets */; };
		3FFE8EF71BB65B7B00AD2CFC /* LaunchScreen.storyboard in Resources */ = {isa = PBXBuildFile; fileRef = 3FFE8EF51BB65B7B00AD2CFC /* LaunchScreen.storyboard */; };
/* End PBXBuildFile section */

/* Begin PBXFileReference section */
		3FFE8EE91BB65B7B00AD2CFC /* PlayToPay.app */ = {isa = PBXFileReference; explicitFileType = wrapper.application; includeInIndex = 0; path = PlayToPay.app; sourceTree = BUILT_PRODUCTS_DIR; };
		3FFE8EEC1BB65B7B00AD2CFC /* AppDelegate.swift */ = {isa = PBXFileReference; lastKnownFileType = sourcecode.swift; path = AppDelegate.swift; sourceTree = "<group>"; };
		3FFE8EEE1BB65B7B00AD2CFC /* ViewController.swift */ = {isa = PBXFileReference; lastKnownFileType = sourcecode.swift; path = ViewController.swift; sourceTree = "<group>"; };
		3FFE8EF11BB65B7B00AD2CFC /* Base */ = {isa = PBXFileReference; lastKnownFileType = file.storyboard; name = Base; path = Base.lproj/Main.storyboard; sourceTree = "<group>"; };
		3FFE8EF31BB65B7B00AD2CFC /* Assets.xcassets */ = {isa = PBXFileReference; lastKnownFileType = folder.assetcatalog; path = Assets.xcassets; sourceTree = "<group>"; };
		3FFE8EF61BB65B7B00AD2CFC /* Base */ = {isa = PBXFileReference; lastKnownFileType = file.storyboard; name = Base; path = Base.lproj/LaunchScreen.storyboard; sourceTree = "<group>"; };
		3FFE8EF81BB65B7B00AD2CFC /* Info.plist */ = {isa = PBXFileReference; lastKnownFileType = text.plist.xml; path = Info.plist; sourceTree = "<group>"; };
/* End PBXFileReference section */

/* Begin PBXFrameworksBuildPhase section */
		3FFE8EE61BB65B7B00AD2CFC /* Frameworks */ = {
			isa = PBXFrameworksBuildPhase;
			buildActionMask = 2147483647;
			files = (
			);
			runOnlyForDeploymentPostprocessing = 0;
		};
/* End PBXFrameworksBuildPhase section */

/* Begin PBXGroup section */
		3FFE8EE01BB65B7B00AD2CFC = {
			isa = PBXGroup;
			children = (
				3FFE8EEB1BB65B7B00AD2CFC /* PlayToPay */,
				3FFE8EEA1BB65B7B00AD2CFC /* Products */,
			);
			sourceTree = "<group>";
		};
		3FFE8EEA1BB65B7B00AD2CFC /* Products */ = {
			isa = PBXGroup;
			children = (
				3FFE8EE91BB65B7B00AD2CFC /* PlayToPay.app */,
			);
			name = Products;
			sourceTree = "<group>";
		};
		3FFE8EEB1BB65B7B00AD2CFC /* PlayToPay */ = {
			isa = PBXGroup;
			children = (
				3FFE8EEC1BB65B7B00AD2CFC /* AppDelegate.swift */,
				3FFE8EEE1BB65B7B00AD2CFC /* ViewController.swift */,
				3FFE8EF01BB65B7B00AD2CFC /* Main.storyboard */,
				3FFE8EF31BB65B7B00AD2CFC /* Assets.xcassets */,
				3FFE8EF51BB65B7B00AD2CFC /* LaunchScreen.storyboard */,
				3FFE8EF81BB65B7B00AD2CFC /* Info.plist */,
			);
			path = PlayToPay;
			sourceTree = "<group>";
		};
/* End PBXGroup section */

/* Begin PBXNativeTarget section */
		3FFE8EE81BB65B7B00AD2CFC /* PlayToPay */ = {
			isa = PBXNativeTarget;
			buildConfigurationList = 3FFE8EFB1BB65B7B00AD2CFC /* Build configuration list for PBXNativeTarget "PlayToPay" */;
			buildPhases = (
				3FFE8EE51BB65B7B00AD2CFC /* Sources */,
				3FFE8EE61BB65B7B00AD2CFC /* Frameworks */,
				3FFE8EE71BB65B7B00AD2CFC /* Resources */,
			);
			buildRules = (
			);
			dependencies = (
			);
			name = PlayToPay;
			productName = PlayToPay;
			productReference = 3FFE8EE91BB65B7B00AD2CFC /* PlayToPay.app */;
			productType = "com.apple.product-type.application";
		};
/* End PBXNativeTarget section */

/* Begin PBXProject section */
		3FFE8EE11BB65B7B00AD2CFC /* Project object */ = {
			isa = PBXProject;
			attributes = {
				LastUpgradeCheck = 0700;
				ORGANIZATIONNAME = "Plutonium Apps";
				TargetAttributes = {
					3FFE8EE81BB65B7B00AD2CFC = {
						CreatedOnToolsVersion = 7.0;
					};
				};
			};
			buildConfigurationList = 3FFE8EE41BB65B7B00AD2CFC /* Build configuration list for PBXProject "PlayToPay" */;
			compatibilityVersion = "Xcode 3.2";
			developmentRegion = English;
			hasScannedForEncodings = 0;
			knownRegions = (
				en,
				Base,
			);
			mainGroup = 3FFE8EE01BB65B7B00AD2CFC;
			productRefGroup = 3FFE8EEA1BB65B7B00AD2CFC /* Products */;
			projectDirPath = "";
			projectRoot = "";
			targets = (
				3FFE8EE81BB65B7B00AD2CFC /* PlayToPay */,
			);
		};
/* End PBXProject section */

/* Begin PBXResourcesBuildPhase section */
		3FFE8EE71BB65B7B00AD2CFC /* Resources */ = {
			isa = PBXResourcesBuildPhase;
			buildActionMask = 2147483647;
			files = (
				3FFE8EF71BB65B7B00AD2CFC /* LaunchScreen.storyboard in Resources */,
				3FFE8EF41BB65B7B00AD2CFC /* Assets.xcassets in Resources */,
				3FFE8EF21BB65B7B00AD2CFC /* Main.storyboard in Resources */,
			);
			runOnlyForDeploymentPostprocessing = 0;
		};
/* End PBXResourcesBuildPhase section */

/* Begin PBXSourcesBuildPhase section */
		3FFE8EE51BB65B7B00AD2CFC /* Sources */ = {
			isa = PBXSourcesBuildPhase;
			buildActionMask = 2147483647;
			files = (
				3FFE8EEF1BB65B7B00AD2CFC /* ViewController.swift in Sources */,
				3FFE8EED1BB65B7B00AD2CFC /* AppDelegate.swift in Sources */,
			);
			runOnlyForDeploymentPostprocessing = 0;
		};
/* End PBXSourcesBuildPhase section */

/* Begin PBXVariantGroup section */
		3FFE8EF01BB65B7B00AD2CFC /* Main.storyboard */ = {
			isa = PBXVariantGroup;
			children = (
				3FFE8EF11BB65B7B00AD2CFC /* Base */,
			);
			name = Main.storyboard;
			sourceTree = "<group>";
		};
		3FFE8EF51BB65B7B00AD2CFC /* LaunchScreen.storyboard */ = {
			isa = PBXVariantGroup;
			children = (
				3FFE8EF61BB65B7B00AD2CFC /* Base */,
			);
			name = LaunchScreen.storyboard;
			sourceTree = "<group>";
		};
/* End PBXVariantGroup section */

/* Begin XCBuildConfiguration section */
		3FFE8EF91BB65B7B00AD2CFC /* Debug */ = {
			isa = XCBuildConfiguration;
			buildSettings = {
				ALWAYS_SEARCH_USER_PATHS = NO;
				CLANG_CXX_LANGUAGE_STANDARD = "gnu++0x";
				CLANG_CXX_LIBRARY = "libc++";
				CLANG_ENABLE_MODULES = YES;
				CLANG_ENABLE_OBJC_ARC = YES;
				CLANG_WARN_BOOL_CONVERSION = YES;
				CLANG_WARN_CONSTANT_CONVERSION = YES;
				CLANG_WARN_DIRECT_OBJC_ISA_USAGE = YES_ERROR;
				CLANG_WARN_EMPTY_BODY = YES;
				CLANG_WARN_ENUM_CONVERSION = YES;
				CLANG_WARN_INT_CONVERSION = YES;
				CLANG_WARN_OBJC_ROOT_CLASS = YES_ERROR;
				CLANG_WARN_UNREACHABLE_CODE = YES;
				CLANG_WARN__DUPLICATE_METHOD_MATCH = YES;
				"CODE_SIGN_IDENTITY[sdk=iphoneos*]" = "iPhone Developer";
				COPY_PHASE_STRIP = NO;
				DEBUG_INFORMATION_FORMAT = dwarf;
				ENABLE_STRICT_OBJC_MSGSEND = YES;
				ENABLE_TESTABILITY = YES;
				GCC_C_LANGUAGE_STANDARD = gnu99;
				GCC_DYNAMIC_NO_PIC = NO;
				GCC_NO_COMMON_BLOCKS = YES;
				GCC_OPTIMIZATION_LEVEL = 0;
				GCC_PREPROCESSOR_DEFINITIONS = (
					"DEBUG=1",
					"$(inherited)",
				);
				GCC_WARN_64_TO_32_BIT_CONVERSION = YES;
				GCC_WARN_ABOUT_RETURN_TYPE = YES_ERROR;
				GCC_WARN_UNDECLARED_SELECTOR = YES;
				GCC_WARN_UNINITIALIZED_AUTOS = YES_AGGRESSIVE;
				GCC_WARN_UNUSED_FUNCTION = YES;
				GCC_WARN_UNUSED_VARIABLE = YES;
				IPHONEOS_DEPLOYMENT_TARGET = 9.0;
				MTL_ENABLE_DEBUG_INFO = YES;
				ONLY_ACTIVE_ARCH = YES;
				SDKROOT = iphoneos;
				SWIFT_OPTIMIZATION_LEVEL = "-Onone";
			};
			name = Debug;
		};
		3FFE8EFA1BB65B7B00AD2CFC /* Release */ = {
			isa = XCBuildConfiguration;
			buildSettings = {
				ALWAYS_SEARCH_USER_PATHS = NO;
				CLANG_CXX_LANGUAGE_STANDARD = "gnu++0x";
				CLANG_CXX_LIBRARY = "libc++";
				CLANG_ENABLE_MODULES = YES;
				CLANG_ENABLE_OBJC_ARC = YES;
				CLANG_WARN_BOOL_CONVERSION = YES;
				CLANG_WARN_CONSTANT_CONVERSION = YES;
				CLANG_WARN_DIRECT_OBJC_ISA_USAGE = YES_ERROR;
				CLANG_WARN_EMPTY_BODY = YES;
				CLANG_WARN_ENUM_CONVERSION = YES;
				CLANG_WARN_INT_CONVERSION = YES;
				CLANG_WARN_OBJC_ROOT_CLASS = YES_ERROR;
				CLANG_WARN_UNREACHABLE_CODE = YES;
				CLANG_WARN__DUPLICATE_METHOD_MATCH = YES;
				"CODE_SIGN_IDENTITY[sdk=iphoneos*]" = "iPhone Developer";
				COPY_PHASE_STRIP = NO;
				DEBUG_INFORMATION_FORMAT = "dwarf-with-dsym";
				ENABLE_NS_ASSERTIONS = NO;
				ENABLE_STRICT_OBJC_MSGSEND = YES;
				GCC_C_LANGUAGE_STANDARD = gnu99;
				GCC_NO_COMMON_BLOCKS = YES;
				GCC_WARN_64_TO_32_BIT_CONVERSION = YES;
				GCC_WARN_ABOUT_RETURN_TYPE = YES_ERROR;
				GCC_WARN_UNDECLARED_SELECTOR = YES;
				GCC_WARN_UNINITIALIZED_AUTOS = YES_AGGRESSIVE;
				GCC_WARN_UNUSED_FUNCTION = YES;
				GCC_WARN_UNUSED_VARIABLE = YES;
				IPHONEOS_DEPLOYMENT_TARGET = 9.0;
				MTL_ENABLE_DEBUG_INFO = NO;
				SDKROOT = iphoneos;
				VALIDATE_PRODUCT = YES;
			};
			name = Release;
		};
		3FFE8EFC1BB65B7B00AD2CFC /* Debug */ = {
			isa = XCBuildConfiguration;
			buildSettings = {
				ASSETCATALOG_COMPILER_APPICON_NAME = AppIcon;
				INFOPLIST_FILE = PlayToPay/Info.plist;
				LD_RUNPATH_SEARCH_PATHS = "$(inherited) @executable_path/Frameworks";
				PRODUCT_BUNDLE_IDENTIFIER = com.plutoniumapps.PlayToPay;
				PRODUCT_NAME = "$(TARGET_NAME)";
			};
			name = Debug;
		};
		3FFE8EFD1BB65B7B00AD2CFC /* Release */ = {
			isa = XCBuildConfiguration;
			buildSettings = {
				ASSETCATALOG_COMPILER_APPICON_NAME = AppIcon;
				INFOPLIST_FILE = PlayToPay/Info.plist;
				LD_RUNPATH_SEARCH_PATHS = "$(inherited) @executable_path/Frameworks";
				PRODUCT_BUNDLE_IDENTIFIER = com.plutoniumapps.PlayToPay;
				PRODUCT_NAME = "$(TARGET_NAME)";
			};
			name = Release;
		};
/* End XCBuildConfiguration section */

/* Begin XCConfigurationList section */
		3FFE8EE41BB65B7B00AD2CFC /* Build configuration list for PBXProject "PlayToPay" */ = {
			isa = XCConfigurationList;
			buildConfigurations = (
				3FFE8EF91BB65B7B00AD2CFC /* Debug */,
				3FFE8EFA1BB65B7B00AD2CFC /* Release */,
			);
			defaultConfigurationIsVisible = 0;
			defaultConfigurationName = Release;
		};
		3FFE8EFB1BB65B7B00AD2CFC /* Build configuration list for PBXNativeTarget "PlayToPay" */ = {
			isa = XCConfigurationList;
			buildConfigurations = (
				3FFE8EFC1BB65B7B00AD2CFC /* Debug */,
				3FFE8EFD1BB65B7B00AD2CFC /* Release */,
			);
			defaultConfigurationIsVisible = 0;
		};
/* End XCConfigurationList section */
	};
	rootObject = 3FFE8EE11BB65B7B00AD2CFC /* Project object */;
}
